// !$*UTF8*$!
{
	archiveVersion = 1;
	classes = {
	};
	objectVersion = 46;
	objects = {

/* Begin PBXBuildFile section */
		E9001E1123BB227A006E33F6 /* FoolAnyView.swift in Sources */ = {isa = PBXBuildFile; fileRef = E9001E1023BB227A006E33F6 /* FoolAnyView.swift */; };
		E911F74823C76409005D5641 /* FoolTextField.swift in Sources */ = {isa = PBXBuildFile; fileRef = E911F74723C76409005D5641 /* FoolTextField.swift */; };
		E911F75823CCC8CA005D5641 /* FoolProgressRing.swift in Sources */ = {isa = PBXBuildFile; fileRef = E911F75723CCC8CA005D5641 /* FoolProgressRing.swift */; };
		E9160A7B240CCFDF00B1C66A /* FoolCheckToggle.swift in Sources */ = {isa = PBXBuildFile; fileRef = E9160A7A240CCFDF00B1C66A /* FoolCheckToggle.swift */; };
		E9228B54240F846C00D3CEB9 /* FoolSelector.swift in Sources */ = {isa = PBXBuildFile; fileRef = E9228B53240F846C00D3CEB9 /* FoolSelector.swift */; };
		E92F55B1241F55F6009BFA67 /* FoolDBManager.swift in Sources */ = {isa = PBXBuildFile; fileRef = E92F55B0241F55F6009BFA67 /* FoolDBManager.swift */; };
		E95216F423ACAF090004D996 /* FoolDevice.swift in Sources */ = {isa = PBXBuildFile; fileRef = E95216F323ACAF090004D996 /* FoolDevice.swift */; };
		E952170223ACE61B0004D996 /* FoolColor.swift in Sources */ = {isa = PBXBuildFile; fileRef = E952170123ACE61B0004D996 /* FoolColor.swift */; };
		E952170423ACE77A0004D996 /* FoolString.swift in Sources */ = {isa = PBXBuildFile; fileRef = E952170323ACE77A0004D996 /* FoolString.swift */; };
		E952846923C2331D004CDCFC /* FoolImagePicker.swift in Sources */ = {isa = PBXBuildFile; fileRef = E952846823C2331D004CDCFC /* FoolImagePicker.swift */; };
		E952846F23C3564F004CDCFC /* FoolProgressBar.swift in Sources */ = {isa = PBXBuildFile; fileRef = E952846E23C3564F004CDCFC /* FoolProgressBar.swift */; };
		E9995EEA23BF159600E5A527 /* FoolNoDataView.swift in Sources */ = {isa = PBXBuildFile; fileRef = E9995EE923BF159600E5A527 /* FoolNoDataView.swift */; };
		E9995EF523BF8B8F00E5A527 /* FoolKeyboard.swift in Sources */ = {isa = PBXBuildFile; fileRef = E9995EF423BF8B8F00E5A527 /* FoolKeyboard.swift */; };
		E9A3CAB423E1ADD300F5BF57 /* FoolShareSheet.swift in Sources */ = {isa = PBXBuildFile; fileRef = E9A3CAB323E1ADD300F5BF57 /* FoolShareSheet.swift */; };
		E9E14F7E23B8FCF0000545A6 /* FoolDate.swift in Sources */ = {isa = PBXBuildFile; fileRef = E9E14F7D23B8FCEF000545A6 /* FoolDate.swift */; };
		E9E298A723BCEB8B00EEEE38 /* FoolHeaderView.swift in Sources */ = {isa = PBXBuildFile; fileRef = E9E298A623BCEB8B00EEEE38 /* FoolHeaderView.swift */; };
		OBJ_22 /* FoolUtilities.swift in Sources */ = {isa = PBXBuildFile; fileRef = OBJ_9 /* FoolUtilities.swift */; };
		OBJ_29 /* Package.swift in Sources */ = {isa = PBXBuildFile; fileRef = OBJ_6 /* Package.swift */; };
/* End PBXBuildFile section */

/* Begin PBXFileReference section */
		E9001E1023BB227A006E33F6 /* FoolAnyView.swift */ = {isa = PBXFileReference; lastKnownFileType = sourcecode.swift; path = FoolAnyView.swift; sourceTree = "<group>"; };
		E911F74723C76409005D5641 /* FoolTextField.swift */ = {isa = PBXFileReference; lastKnownFileType = sourcecode.swift; path = FoolTextField.swift; sourceTree = "<group>"; };
		E911F75723CCC8CA005D5641 /* FoolProgressRing.swift */ = {isa = PBXFileReference; lastKnownFileType = sourcecode.swift; path = FoolProgressRing.swift; sourceTree = "<group>"; };
		E9160A7A240CCFDF00B1C66A /* FoolCheckToggle.swift */ = {isa = PBXFileReference; lastKnownFileType = sourcecode.swift; path = FoolCheckToggle.swift; sourceTree = "<group>"; };
		E9228B53240F846C00D3CEB9 /* FoolSelector.swift */ = {isa = PBXFileReference; lastKnownFileType = sourcecode.swift; path = FoolSelector.swift; sourceTree = "<group>"; };
		E92F55B0241F55F6009BFA67 /* FoolDBManager.swift */ = {isa = PBXFileReference; lastKnownFileType = sourcecode.swift; path = FoolDBManager.swift; sourceTree = "<group>"; };
		E95216F323ACAF090004D996 /* FoolDevice.swift */ = {isa = PBXFileReference; lastKnownFileType = sourcecode.swift; path = FoolDevice.swift; sourceTree = "<group>"; };
		E952170123ACE61B0004D996 /* FoolColor.swift */ = {isa = PBXFileReference; lastKnownFileType = sourcecode.swift; path = FoolColor.swift; sourceTree = "<group>"; };
		E952170323ACE77A0004D996 /* FoolString.swift */ = {isa = PBXFileReference; lastKnownFileType = sourcecode.swift; path = FoolString.swift; sourceTree = "<group>"; };
		E952170523ACE8A50004D996 /* README.md */ = {isa = PBXFileReference; lastKnownFileType = net.daringfireball.markdown; path = README.md; sourceTree = "<group>"; };
		E952846823C2331D004CDCFC /* FoolImagePicker.swift */ = {isa = PBXFileReference; fileEncoding = 4; lastKnownFileType = sourcecode.swift; path = FoolImagePicker.swift; sourceTree = "<group>"; };
		E952846E23C3564F004CDCFC /* FoolProgressBar.swift */ = {isa = PBXFileReference; fileEncoding = 4; lastKnownFileType = sourcecode.swift; path = FoolProgressBar.swift; sourceTree = "<group>"; };
		E9719F59242A7D5A00CBB13E /* en */ = {isa = PBXFileReference; lastKnownFileType = text.plist.strings; name = en; path = en.lproj/Localizable.strings; sourceTree = "<group>"; };
		E9995EE923BF159600E5A527 /* FoolNoDataView.swift */ = {isa = PBXFileReference; lastKnownFileType = sourcecode.swift; path = FoolNoDataView.swift; sourceTree = "<group>"; };
		E9995EF423BF8B8F00E5A527 /* FoolKeyboard.swift */ = {isa = PBXFileReference; lastKnownFileType = sourcecode.swift; path = FoolKeyboard.swift; sourceTree = "<group>"; };
		E9A3CAB323E1ADD300F5BF57 /* FoolShareSheet.swift */ = {isa = PBXFileReference; lastKnownFileType = sourcecode.swift; path = FoolShareSheet.swift; sourceTree = "<group>"; };
		E9E14F7D23B8FCEF000545A6 /* FoolDate.swift */ = {isa = PBXFileReference; fileEncoding = 4; lastKnownFileType = sourcecode.swift; path = FoolDate.swift; sourceTree = "<group>"; };
		E9E298A623BCEB8B00EEEE38 /* FoolHeaderView.swift */ = {isa = PBXFileReference; lastKnownFileType = sourcecode.swift; path = FoolHeaderView.swift; sourceTree = "<group>"; };
		"FoolUtilities::FoolUtilities::Product" /* FoolUtilities.framework */ = {isa = PBXFileReference; explicitFileType = wrapper.framework; path = FoolUtilities.framework; sourceTree = BUILT_PRODUCTS_DIR; };
		OBJ_6 /* Package.swift */ = {isa = PBXFileReference; explicitFileType = sourcecode.swift; path = Package.swift; sourceTree = "<group>"; };
		OBJ_9 /* FoolUtilities.swift */ = {isa = PBXFileReference; lastKnownFileType = sourcecode.swift; path = FoolUtilities.swift; sourceTree = "<group>"; };
/* End PBXFileReference section */

/* Begin PBXFrameworksBuildPhase section */
		OBJ_23 /* Frameworks */ = {
			isa = PBXFrameworksBuildPhase;
			buildActionMask = 0;
			files = (
			);
			runOnlyForDeploymentPostprocessing = 0;
		};
/* End PBXFrameworksBuildPhase section */

/* Begin PBXGroup section */
		OBJ_14 /* Products */ = {
			isa = PBXGroup;
			children = (
				"FoolUtilities::FoolUtilities::Product" /* FoolUtilities.framework */,
			);
			name = Products;
			sourceTree = BUILT_PRODUCTS_DIR;
		};
		OBJ_5 = {
			isa = PBXGroup;
			children = (
				E952170523ACE8A50004D996 /* README.md */,
				OBJ_6 /* Package.swift */,
				OBJ_8 /* FoolUtilities */,
				OBJ_14 /* Products */,
			);
			sourceTree = "<group>";
		};
		OBJ_8 /* FoolUtilities */ = {
			isa = PBXGroup;
			children = (
				OBJ_9 /* FoolUtilities.swift */,
				E95216F323ACAF090004D996 /* FoolDevice.swift */,
				E952170123ACE61B0004D996 /* FoolColor.swift */,
				E952170323ACE77A0004D996 /* FoolString.swift */,
				E9E14F7D23B8FCEF000545A6 /* FoolDate.swift */,
				E9001E1023BB227A006E33F6 /* FoolAnyView.swift */,
				E9E298A623BCEB8B00EEEE38 /* FoolHeaderView.swift */,
				E9995EE923BF159600E5A527 /* FoolNoDataView.swift */,
				E9995EF423BF8B8F00E5A527 /* FoolKeyboard.swift */,
				E952846823C2331D004CDCFC /* FoolImagePicker.swift */,
				E911F75723CCC8CA005D5641 /* FoolProgressRing.swift */,
				E952846E23C3564F004CDCFC /* FoolProgressBar.swift */,
				E911F74723C76409005D5641 /* FoolTextField.swift */,
				E9A3CAB323E1ADD300F5BF57 /* FoolShareSheet.swift */,
				E9160A7A240CCFDF00B1C66A /* FoolCheckToggle.swift */,
				E9228B53240F846C00D3CEB9 /* FoolSelector.swift */,
				E92F55B0241F55F6009BFA67 /* FoolDBManager.swift */,
				E9719F5A242A7D5A00CBB13E /* Localizable.strings */,
			);
			path = FoolUtilities;
			sourceTree = SOURCE_ROOT;
		};
/* End PBXGroup section */

/* Begin PBXNativeTarget section */
		"FoolUtilities::FoolUtilities" /* FoolUtilities */ = {
			isa = PBXNativeTarget;
			buildConfigurationList = OBJ_18 /* Build configuration list for PBXNativeTarget "FoolUtilities" */;
			buildPhases = (
				OBJ_21 /* Sources */,
				OBJ_23 /* Frameworks */,
			);
			buildRules = (
			);
			dependencies = (
			);
			name = FoolUtilities;
			productName = FoolUtilities;
			productReference = "FoolUtilities::FoolUtilities::Product" /* FoolUtilities.framework */;
			productType = "com.apple.product-type.framework";
		};
		"FoolUtilities::SwiftPMPackageDescription" /* FoolUtilitiesPackageDescription */ = {
			isa = PBXNativeTarget;
			buildConfigurationList = OBJ_25 /* Build configuration list for PBXNativeTarget "FoolUtilitiesPackageDescription" */;
			buildPhases = (
				OBJ_28 /* Sources */,
			);
			buildRules = (
			);
			dependencies = (
			);
			name = FoolUtilitiesPackageDescription;
			productName = FoolUtilitiesPackageDescription;
			productType = "com.apple.product-type.framework";
		};
/* End PBXNativeTarget section */

/* Begin PBXProject section */
		OBJ_1 /* Project object */ = {
			isa = PBXProject;
			attributes = {
				LastSwiftMigration = 9999;
				LastUpgradeCheck = 9999;
			};
			buildConfigurationList = OBJ_2 /* Build configuration list for PBXProject "FoolUtilities" */;
			compatibilityVersion = "Xcode 3.2";
			developmentRegion = en;
			hasScannedForEncodings = 0;
			knownRegions = (
				en,
				Base,
			);
			mainGroup = OBJ_5;
			productRefGroup = OBJ_14 /* Products */;
			projectDirPath = "";
			projectRoot = "";
			targets = (
				"FoolUtilities::FoolUtilities" /* FoolUtilities */,
				"FoolUtilities::SwiftPMPackageDescription" /* FoolUtilitiesPackageDescription */,
			);
		};
/* End PBXProject section */

/* Begin PBXSourcesBuildPhase section */
		OBJ_21 /* Sources */ = {
			isa = PBXSourcesBuildPhase;
			buildActionMask = 0;
			files = (
				E9001E1123BB227A006E33F6 /* FoolAnyView.swift in Sources */,
				E9160A7B240CCFDF00B1C66A /* FoolCheckToggle.swift in Sources */,
				E9A3CAB423E1ADD300F5BF57 /* FoolShareSheet.swift in Sources */,
				E952846F23C3564F004CDCFC /* FoolProgressBar.swift in Sources */,
				E952846923C2331D004CDCFC /* FoolImagePicker.swift in Sources */,
				E9995EEA23BF159600E5A527 /* FoolNoDataView.swift in Sources */,
				E9E14F7E23B8FCF0000545A6 /* FoolDate.swift in Sources */,
				E952170223ACE61B0004D996 /* FoolColor.swift in Sources */,
				OBJ_22 /* FoolUtilities.swift in Sources */,
				E9E298A723BCEB8B00EEEE38 /* FoolHeaderView.swift in Sources */,
				E9995EF523BF8B8F00E5A527 /* FoolKeyboard.swift in Sources */,
				E92F55B1241F55F6009BFA67 /* FoolDBManager.swift in Sources */,
				E952170423ACE77A0004D996 /* FoolString.swift in Sources */,
				E95216F423ACAF090004D996 /* FoolDevice.swift in Sources */,
				E911F75823CCC8CA005D5641 /* FoolProgressRing.swift in Sources */,
				E9228B54240F846C00D3CEB9 /* FoolSelector.swift in Sources */,
				E911F74823C76409005D5641 /* FoolTextField.swift in Sources */,
			);
			runOnlyForDeploymentPostprocessing = 0;
		};
		OBJ_28 /* Sources */ = {
			isa = PBXSourcesBuildPhase;
			buildActionMask = 0;
			files = (
				OBJ_29 /* Package.swift in Sources */,
			);
			runOnlyForDeploymentPostprocessing = 0;
		};
/* End PBXSourcesBuildPhase section */

/* Begin PBXVariantGroup section */
		E9719F5A242A7D5A00CBB13E /* Localizable.strings */ = {
			isa = PBXVariantGroup;
			children = (
				E9719F59242A7D5A00CBB13E /* en */,
			);
			name = Localizable.strings;
			sourceTree = "<group>";
		};
/* End PBXVariantGroup section */

/* Begin XCBuildConfiguration section */
		OBJ_19 /* Debug */ = {
			isa = XCBuildConfiguration;
			buildSettings = {
				CURRENT_PROJECT_VERSION = 1;
				ENABLE_TESTABILITY = YES;
				FRAMEWORK_SEARCH_PATHS = (
					"$(inherited)",
					"$(PLATFORM_DIR)/Developer/Library/Frameworks",
				);
				HEADER_SEARCH_PATHS = "$(inherited)";
				INFOPLIST_FILE = FoolUtilities.xcodeproj/FoolUtilities_Info.plist;
				IPHONEOS_DEPLOYMENT_TARGET = 10.0;
				LD_RUNPATH_SEARCH_PATHS = "$(inherited) $(TOOLCHAIN_DIR)/usr/lib/swift/macosx";
				MACOSX_DEPLOYMENT_TARGET = 10.10;
				OTHER_CFLAGS = "$(inherited)";
				OTHER_LDFLAGS = "$(inherited)";
				OTHER_SWIFT_FLAGS = "$(inherited)";
				PRODUCT_BUNDLE_IDENTIFIER = FoolUtilities;
				PRODUCT_MODULE_NAME = "$(TARGET_NAME:c99extidentifier)";
				PRODUCT_NAME = "$(TARGET_NAME:c99extidentifier)";
				SKIP_INSTALL = YES;
				SWIFT_ACTIVE_COMPILATION_CONDITIONS = "$(inherited)";
				SWIFT_VERSION = 5.0;
				TARGET_NAME = FoolUtilities;
				TVOS_DEPLOYMENT_TARGET = 9.0;
				WATCHOS_DEPLOYMENT_TARGET = 2.0;
			};
			name = Debug;
		};
		OBJ_20 /* Release */ = {
			isa = XCBuildConfiguration;
			buildSettings = {
				CURRENT_PROJECT_VERSION = 1;
				ENABLE_TESTABILITY = YES;
				FRAMEWORK_SEARCH_PATHS = (
					"$(inherited)",
					"$(PLATFORM_DIR)/Developer/Library/Frameworks",
				);
				HEADER_SEARCH_PATHS = "$(inherited)";
				INFOPLIST_FILE = FoolUtilities.xcodeproj/FoolUtilities_Info.plist;
				IPHONEOS_DEPLOYMENT_TARGET = 10.0;
				LD_RUNPATH_SEARCH_PATHS = "$(inherited) $(TOOLCHAIN_DIR)/usr/lib/swift/macosx";
				MACOSX_DEPLOYMENT_TARGET = 10.10;
				OTHER_CFLAGS = "$(inherited)";
				OTHER_LDFLAGS = "$(inherited)";
				OTHER_SWIFT_FLAGS = "$(inherited)";
				PRODUCT_BUNDLE_IDENTIFIER = FoolUtilities;
				PRODUCT_MODULE_NAME = "$(TARGET_NAME:c99extidentifier)";
				PRODUCT_NAME = "$(TARGET_NAME:c99extidentifier)";
				SKIP_INSTALL = YES;
				SWIFT_ACTIVE_COMPILATION_CONDITIONS = "$(inherited)";
				SWIFT_VERSION = 5.0;
				TARGET_NAME = FoolUtilities;
				TVOS_DEPLOYMENT_TARGET = 9.0;
				WATCHOS_DEPLOYMENT_TARGET = 2.0;
			};
			name = Release;
		};
		OBJ_26 /* Debug */ = {
			isa = XCBuildConfiguration;
			buildSettings = {
				LD = /usr/bin/true;
				OTHER_SWIFT_FLAGS = "-swift-version 5 -I $(TOOLCHAIN_DIR)/usr/lib/swift/pm/4_2 -target x86_64-apple-macosx10.10 -sdk /Applications/Xcode.app/Contents/Developer/Platforms/MacOSX.platform/Developer/SDKs/MacOSX10.15.sdk -package-description-version 5.1";
				SWIFT_VERSION = 5.0;
			};
			name = Debug;
		};
		OBJ_27 /* Release */ = {
			isa = XCBuildConfiguration;
			buildSettings = {
				LD = /usr/bin/true;
				OTHER_SWIFT_FLAGS = "-swift-version 5 -I $(TOOLCHAIN_DIR)/usr/lib/swift/pm/4_2 -target x86_64-apple-macosx10.10 -sdk /Applications/Xcode.app/Contents/Developer/Platforms/MacOSX.platform/Developer/SDKs/MacOSX10.15.sdk -package-description-version 5.1";
				SWIFT_VERSION = 5.0;
			};
			name = Release;
		};
		OBJ_3 /* Debug */ = {
			isa = XCBuildConfiguration;
			buildSettings = {
				CLANG_ENABLE_OBJC_ARC = YES;
				COMBINE_HIDPI_IMAGES = YES;
				COPY_PHASE_STRIP = NO;
				DEBUG_INFORMATION_FORMAT = dwarf;
				DYLIB_INSTALL_NAME_BASE = "@rpath";
				ENABLE_NS_ASSERTIONS = YES;
				GCC_OPTIMIZATION_LEVEL = 0;
				GCC_PREPROCESSOR_DEFINITIONS = (
					"$(inherited)",
					"SWIFT_PACKAGE=1",
					"DEBUG=1",
				);
				MACOSX_DEPLOYMENT_TARGET = 10.10;
				ONLY_ACTIVE_ARCH = YES;
				OTHER_SWIFT_FLAGS = "$(inherited) -DXcode";
				PRODUCT_NAME = "$(TARGET_NAME)";
				SDKROOT = macosx;
				SUPPORTED_PLATFORMS = "macosx iphoneos iphonesimulator appletvos appletvsimulator watchos watchsimulator";
				SWIFT_ACTIVE_COMPILATION_CONDITIONS = "$(inherited) SWIFT_PACKAGE DEBUG";
				SWIFT_OPTIMIZATION_LEVEL = "-Onone";
				USE_HEADERMAP = NO;
			};
			name = Debug;
		};
		OBJ_4 /* Release */ = {
			isa = XCBuildConfiguration;
			buildSettings = {
				CLANG_ENABLE_OBJC_ARC = YES;
				COMBINE_HIDPI_IMAGES = YES;
				COPY_PHASE_STRIP = YES;
				DEBUG_INFORMATION_FORMAT = "dwarf-with-dsym";
				DYLIB_INSTALL_NAME_BASE = "@rpath";
				GCC_OPTIMIZATION_LEVEL = s;
				GCC_PREPROCESSOR_DEFINITIONS = (
					"$(inherited)",
					"SWIFT_PACKAGE=1",
				);
				MACOSX_DEPLOYMENT_TARGET = 10.10;
				OTHER_SWIFT_FLAGS = "$(inherited) -DXcode";
				PRODUCT_NAME = "$(TARGET_NAME)";
				SDKROOT = macosx;
				SUPPORTED_PLATFORMS = "macosx iphoneos iphonesimulator appletvos appletvsimulator watchos watchsimulator";
				SWIFT_ACTIVE_COMPILATION_CONDITIONS = "$(inherited) SWIFT_PACKAGE";
				SWIFT_OPTIMIZATION_LEVEL = "-Owholemodule";
				USE_HEADERMAP = NO;
			};
			name = Release;
		};
/* End XCBuildConfiguration section */

/* Begin XCConfigurationList section */
		OBJ_18 /* Build configuration list for PBXNativeTarget "FoolUtilities" */ = {
			isa = XCConfigurationList;
			buildConfigurations = (
				OBJ_19 /* Debug */,
				OBJ_20 /* Release */,
			);
			defaultConfigurationIsVisible = 0;
			defaultConfigurationName = Release;
		};
		OBJ_2 /* Build configuration list for PBXProject "FoolUtilities" */ = {
			isa = XCConfigurationList;
			buildConfigurations = (
				OBJ_3 /* Debug */,
				OBJ_4 /* Release */,
			);
			defaultConfigurationIsVisible = 0;
			defaultConfigurationName = Release;
		};
		OBJ_25 /* Build configuration list for PBXNativeTarget "FoolUtilitiesPackageDescription" */ = {
			isa = XCConfigurationList;
			buildConfigurations = (
				OBJ_26 /* Debug */,
				OBJ_27 /* Release */,
			);
			defaultConfigurationIsVisible = 0;
			defaultConfigurationName = Release;
		};
/* End XCConfigurationList section */
	};
	rootObject = OBJ_1 /* Project object */;
}
